github.com/PratamaHeldiTio/go-module v1.1.0 h1:2drGLoLZxqMWQz6+BLgLpf5BBM07FmyJmrGUGhkRuqU=
github.com/PratamaHeldiTio/go-module v1.1.0/go.mod h1:heXELTMI0gKu7KA4Hj8wlwdOnb3XvnnS11a4RMsnl1k=
github.com/PratamaHeldiTio/go-module v1.1.1 h1:6Wn4Xd1MU3PfskmhDblO0ak6uy9cCNuiRZjcO1wZxow=
github.com/PratamaHeldiTio/go-module v1.1.1/go.mod h1:heXELTMI0gKu7KA4Hj8wlwdOnb3XvnnS11a4RMsnl1k=
